
Microsoft Visual Studio Solution File, Format Version 12.00
# Visual Studio Version 17
VisualStudioVersion = 17.11.35312.102
MinimumVisualStudioVersion = 10.0.40219.1
Project("{FAE04EC0-301F-11D3-BF4B-00C04F79EFBC}") = "AzureAITestProject", "AzureAITestProject\AzureAITestProject.csproj", "{12A6B011-AB89-4686-9EB6-526706AF31FC}"
EndProject
Global
	GlobalSection(SolutionConfigurationPlatforms) = preSolution
		Debug|Any CPU = Debug|Any CPU
		Release|Any CPU = Release|Any CPU
	EndGlobalSection
	GlobalSection(ProjectConfigurationPlatforms) = postSolution
		{12A6B011-AB89-4686-9EB6-526706AF31FC}.Debug|Any CPU.ActiveCfg = Debug|Any CPU
		{12A6B011-AB89-4686-9EB6-526706AF31FC}.Debug|Any CPU.Build.0 = Debug|Any CPU
		{12A6B011-AB89-4686-9EB6-526706AF31FC}.Release|Any CPU.ActiveCfg = Release|Any CPU
		{12A6B011-AB89-4686-9EB6-526706AF31FC}.Release|Any CPU.Build.0 = Release|Any CPU
	EndGlobalSection
	GlobalSection(SolutionProperties) = preSolution
		HideSolutionNode = FALSE
	EndGlobalSection
	GlobalSection(ExtensibilityGlobals) = postSolution
		SolutionGuid = {A8F8D91F-4371-4E56-AB96-06EEED20ECF3}
	EndGlobalSection
EndGlobal
